
Microsoft Visual Studio Solution File, Format Version 10.00
# Visual Studio 2008
Project("{8BC9CEB8-8B4A-11D0-8D11-00A0C91BC942}") = "OpenM1", "OpenM1.vcproj", "{E52FD9C8-F0B7-4AB4-9A9F-99FC57941A5B}"
EndProject
Project("{8BC9CEB8-8B4A-11D0-8D11-00A0C91BC942}") = "OpenM1Sample2", "OpenM1Samples\OpenM1Sample2\OpenM1Sample2.vcproj", "{1ABB43C3-3788-42ED-BBBF-032F439E892A}"
	ProjectSection(ProjectDependencies) = postProject
		{E52FD9C8-F0B7-4AB4-9A9F-99FC57941A5B} = {E52FD9C8-F0B7-4AB4-9A9F-99FC57941A5B}
	EndProjectSection
EndProject
Project("{8BC9CEB8-8B4A-11D0-8D11-00A0C91BC942}") = "OpenM1Sample3", "OpenM1Samples\OpenM1Sample3\OpenM1Sample3.vcproj", "{C0E9614E-DB26-4175-9189-CAEEF68BD232}"
	ProjectSection(ProjectDependencies) = postProject
		{E52FD9C8-F0B7-4AB4-9A9F-99FC57941A5B} = {E52FD9C8-F0B7-4AB4-9A9F-99FC57941A5B}
	EndProjectSection
EndProject
Project("{8BC9CEB8-8B4A-11D0-8D11-00A0C91BC942}") = "OpenM1Sample4", "OpenM1Samples\OpenM1Sample4\OpenM1Sample4.vcproj", "{401C24F0-D950-44E2-9ADE-D14FB204438B}"
	ProjectSection(ProjectDependencies) = postProject
		{E52FD9C8-F0B7-4AB4-9A9F-99FC57941A5B} = {E52FD9C8-F0B7-4AB4-9A9F-99FC57941A5B}
	EndProjectSection
EndProject
Project("{8BC9CEB8-8B4A-11D0-8D11-00A0C91BC942}") = "OpenM1Sample5", "OpenM1Samples\OpenM1Sample5\OpenM1Sample5.vcproj", "{56D48C4A-2828-45F9-8D61-CC36B84E284D}"
	ProjectSection(ProjectDependencies) = postProject
		{E52FD9C8-F0B7-4AB4-9A9F-99FC57941A5B} = {E52FD9C8-F0B7-4AB4-9A9F-99FC57941A5B}
	EndProjectSection
EndProject
Project("{2150E333-8FDC-42A3-9474-1A3956D46DE8}") = "OpenM1 Sample Applets", "OpenM1 Sample Applets", "{E4F2B7F7-6954-47AC-941D-00ABF852D319}"
	ProjectSection(SolutionItems) = preProject
		OpenM1Samples\SampleDescriptions.txt = OpenM1Samples\SampleDescriptions.txt
	EndProjectSection
EndProject
Project("{8BC9CEB8-8B4A-11D0-8D11-00A0C91BC942}") = "OpenM1Sample1", "OpenM1Samples\OpenM1Sample1\OpenM1Sample1.vcproj", "{95BEAE95-5717-4FBC-8840-96689CA31664}"
	ProjectSection(ProjectDependencies) = postProject
		{E52FD9C8-F0B7-4AB4-9A9F-99FC57941A5B} = {E52FD9C8-F0B7-4AB4-9A9F-99FC57941A5B}
	EndProjectSection
EndProject
Project("{2150E333-8FDC-42A3-9474-1A3956D46DE8}") = "OpenM1 XML Standard Configurations", "OpenM1 XML Standard Configurations", "{EA680AC1-7C9B-4591-B0A4-62FDD1DD73BD}"
	ProjectSection(SolutionItems) = preProject
		Standards\INCITS 381-2004.xml = Standards\INCITS 381-2004.xml
		Standards\INCITS 385-2004.xml = Standards\INCITS 385-2004.xml
		Standards\ISO 19794-4.xml = Standards\ISO 19794-4.xml
		Standards\ISO 19794-5.xml = Standards\ISO 19794-5.xml
	EndProjectSection
EndProject
Global
	GlobalSection(SolutionConfigurationPlatforms) = preSolution
		Debug UNICODE|Win32 = Debug UNICODE|Win32
		Debug|Win32 = Debug|Win32
		Release UNICODE|Win32 = Release UNICODE|Win32
		Release|Win32 = Release|Win32
	EndGlobalSection
	GlobalSection(ProjectConfigurationPlatforms) = postSolution
		{E52FD9C8-F0B7-4AB4-9A9F-99FC57941A5B}.Debug UNICODE|Win32.ActiveCfg = Debug UNICODE|Win32
		{E52FD9C8-F0B7-4AB4-9A9F-99FC57941A5B}.Debug UNICODE|Win32.Build.0 = Debug UNICODE|Win32
		{E52FD9C8-F0B7-4AB4-9A9F-99FC57941A5B}.Debug|Win32.ActiveCfg = Debug|Win32
		{E52FD9C8-F0B7-4AB4-9A9F-99FC57941A5B}.Debug|Win32.Build.0 = Debug|Win32
		{E52FD9C8-F0B7-4AB4-9A9F-99FC57941A5B}.Release UNICODE|Win32.ActiveCfg = Release UNICODE|Win32
		{E52FD9C8-F0B7-4AB4-9A9F-99FC57941A5B}.Release UNICODE|Win32.Build.0 = Release UNICODE|Win32
		{E52FD9C8-F0B7-4AB4-9A9F-99FC57941A5B}.Release|Win32.ActiveCfg = Release|Win32
		{E52FD9C8-F0B7-4AB4-9A9F-99FC57941A5B}.Release|Win32.Build.0 = Release|Win32
		{1ABB43C3-3788-42ED-BBBF-032F439E892A}.Debug UNICODE|Win32.ActiveCfg = Debug UNICODE|Win32
		{1ABB43C3-3788-42ED-BBBF-032F439E892A}.Debug UNICODE|Win32.Build.0 = Debug UNICODE|Win32
		{1ABB43C3-3788-42ED-BBBF-032F439E892A}.Debug|Win32.ActiveCfg = Debug|Win32
		{1ABB43C3-3788-42ED-BBBF-032F439E892A}.Debug|Win32.Build.0 = Debug|Win32
		{1ABB43C3-3788-42ED-BBBF-032F439E892A}.Release UNICODE|Win32.ActiveCfg = Release UNICODE|Win32
		{1ABB43C3-3788-42ED-BBBF-032F439E892A}.Release UNICODE|Win32.Build.0 = Release UNICODE|Win32
		{1ABB43C3-3788-42ED-BBBF-032F439E892A}.Release|Win32.ActiveCfg = Release|Win32
		{1ABB43C3-3788-42ED-BBBF-032F439E892A}.Release|Win32.Build.0 = Release|Win32
		{C0E9614E-DB26-4175-9189-CAEEF68BD232}.Debug UNICODE|Win32.ActiveCfg = Debug UNICODE|Win32
		{C0E9614E-DB26-4175-9189-CAEEF68BD232}.Debug UNICODE|Win32.Build.0 = Debug UNICODE|Win32
		{C0E9614E-DB26-4175-9189-CAEEF68BD232}.Debug|Win32.ActiveCfg = Debug|Win32
		{C0E9614E-DB26-4175-9189-CAEEF68BD232}.Debug|Win32.Build.0 = Debug|Win32
		{C0E9614E-DB26-4175-9189-CAEEF68BD232}.Release UNICODE|Win32.ActiveCfg = Release UNICODE|Win32
		{C0E9614E-DB26-4175-9189-CAEEF68BD232}.Release UNICODE|Win32.Build.0 = Release UNICODE|Win32
		{C0E9614E-DB26-4175-9189-CAEEF68BD232}.Release|Win32.ActiveCfg = Release|Win32
		{C0E9614E-DB26-4175-9189-CAEEF68BD232}.Release|Win32.Build.0 = Release|Win32
		{401C24F0-D950-44E2-9ADE-D14FB204438B}.Debug UNICODE|Win32.ActiveCfg = Debug UNICODE|Win32
		{401C24F0-D950-44E2-9ADE-D14FB204438B}.Debug UNICODE|Win32.Build.0 = Debug UNICODE|Win32
		{401C24F0-D950-44E2-9ADE-D14FB204438B}.Debug|Win32.ActiveCfg = Debug|Win32
		{401C24F0-D950-44E2-9ADE-D14FB204438B}.Debug|Win32.Build.0 = Debug|Win32
		{401C24F0-D950-44E2-9ADE-D14FB204438B}.Release UNICODE|Win32.ActiveCfg = Release UNICODE|Win32
		{401C24F0-D950-44E2-9ADE-D14FB204438B}.Release UNICODE|Win32.Build.0 = Release UNICODE|Win32
		{401C24F0-D950-44E2-9ADE-D14FB204438B}.Release|Win32.ActiveCfg = Release|Win32
		{401C24F0-D950-44E2-9ADE-D14FB204438B}.Release|Win32.Build.0 = Release|Win32
		{56D48C4A-2828-45F9-8D61-CC36B84E284D}.Debug UNICODE|Win32.ActiveCfg = Debug UNICODE|Win32
		{56D48C4A-2828-45F9-8D61-CC36B84E284D}.Debug UNICODE|Win32.Build.0 = Debug UNICODE|Win32
		{56D48C4A-2828-45F9-8D61-CC36B84E284D}.Debug|Win32.ActiveCfg = Debug|Win32
		{56D48C4A-2828-45F9-8D61-CC36B84E284D}.Debug|Win32.Build.0 = Debug|Win32
		{56D48C4A-2828-45F9-8D61-CC36B84E284D}.Release UNICODE|Win32.ActiveCfg = Release UNICODE|Win32
		{56D48C4A-2828-45F9-8D61-CC36B84E284D}.Release UNICODE|Win32.Build.0 = Release UNICODE|Win32
		{56D48C4A-2828-45F9-8D61-CC36B84E284D}.Release|Win32.ActiveCfg = Release|Win32
		{56D48C4A-2828-45F9-8D61-CC36B84E284D}.Release|Win32.Build.0 = Release|Win32
		{95BEAE95-5717-4FBC-8840-96689CA31664}.Debug UNICODE|Win32.ActiveCfg = Debug UNICODE|Win32
		{95BEAE95-5717-4FBC-8840-96689CA31664}.Debug UNICODE|Win32.Build.0 = Debug UNICODE|Win32
		{95BEAE95-5717-4FBC-8840-96689CA31664}.Debug|Win32.ActiveCfg = Debug|Win32
		{95BEAE95-5717-4FBC-8840-96689CA31664}.Debug|Win32.Build.0 = Debug|Win32
		{95BEAE95-5717-4FBC-8840-96689CA31664}.Release UNICODE|Win32.ActiveCfg = Release UNICODE|Win32
		{95BEAE95-5717-4FBC-8840-96689CA31664}.Release UNICODE|Win32.Build.0 = Release UNICODE|Win32
		{95BEAE95-5717-4FBC-8840-96689CA31664}.Release|Win32.ActiveCfg = Release|Win32
		{95BEAE95-5717-4FBC-8840-96689CA31664}.Release|Win32.Build.0 = Release|Win32
	EndGlobalSection
	GlobalSection(SolutionProperties) = preSolution
		HideSolutionNode = FALSE
	EndGlobalSection
	GlobalSection(NestedProjects) = preSolution
		{1ABB43C3-3788-42ED-BBBF-032F439E892A} = {E4F2B7F7-6954-47AC-941D-00ABF852D319}
		{C0E9614E-DB26-4175-9189-CAEEF68BD232} = {E4F2B7F7-6954-47AC-941D-00ABF852D319}
		{401C24F0-D950-44E2-9ADE-D14FB204438B} = {E4F2B7F7-6954-47AC-941D-00ABF852D319}
		{56D48C4A-2828-45F9-8D61-CC36B84E284D} = {E4F2B7F7-6954-47AC-941D-00ABF852D319}
		{95BEAE95-5717-4FBC-8840-96689CA31664} = {E4F2B7F7-6954-47AC-941D-00ABF852D319}
	EndGlobalSection
EndGlobal
